lockfileVersion: '6.0'

settings:
  autoInstallPeers: true
  excludeLinksFromLockfile: false

dependencies:
  uninstall:
    specifier: ^0.0.0
    version: 0.0.0

devDependencies:
  typecript:
    specifier: 0.0.1-security
    version: 0.0.1-security
  typescript:
    specifier: ^5.4.4
    version: 5.4.4

packages:

  /typecript@0.0.1-security:
    resolution: {integrity: sha512-88WUWdO0zl/cC+X44m7TJkNssn0sTwZOSAyZu7ZmY6BfGJ4idVWJGjFmd6wEjS3yhWUYrAszzNMHZMIJ7h3ycg==}
    dev: true

  /typescript@5.4.4:
    resolution: {integrity: sha512-dGE2Vv8cpVvw28v8HCPqyb08EzbBURxDpuhJvTrusShUfGnhHBafDsLdS1EhhxyL6BJQE+2cT3dDPAv+MQ6oLw==}
    engines: {node: '>=14.17'}
    hasBin: true
    dev: true

  /uninstall@0.0.0:
    resolution: {integrity: sha512-pjP/0+A4gsbDVa8XH/S2GZdT9NPJW8NFMy3GI7HnsWG+NAmFSSj3QidNosXBI9cPtxxNExEDdhKFO6sli8K3mA==}
    dev: false
